
Microsoft Visual Studio Solution File, Format Version 12.00
# Visual Studio Version 16
VisualStudioVersion = 16.0.30114.105
MinimumVisualStudioVersion = 10.0.40219.1
Project("{2150E333-8FDC-42A3-9474-1A3956D46DE8}") = "src", "src", "{0FE40174-46A2-447B-AC71-CCD3D5C61745}"
EndProject
Project("{FAE04EC0-301F-11D3-BF4B-00C04F79EFBC}") = "uttt.game", "src\uttt.game\uttt.game.csproj", "{27A156CB-B83D-4E6E-894E-CE3B9127BFE8}"
EndProject
Project("{2150E333-8FDC-42A3-9474-1A3956D46DE8}") = "test", "test", "{567AA81C-19FF-4EF4-8B49-A94C3DA34DDF}"
EndProject
Project("{FAE04EC0-301F-11D3-BF4B-00C04F79EFBC}") = "utt.game.test", "test\utt.game.test\utt.game.test.csproj", "{E0EE0B99-A40F-47F4-A161-C544FE76D386}"
EndProject
Global
	GlobalSection(SolutionConfigurationPlatforms) = preSolution
		Debug|Any CPU = Debug|Any CPU
		Release|Any CPU = Release|Any CPU
	EndGlobalSection
	GlobalSection(SolutionProperties) = preSolution
		HideSolutionNode = FALSE
	EndGlobalSection
	GlobalSection(ProjectConfigurationPlatforms) = postSolution
		{27A156CB-B83D-4E6E-894E-CE3B9127BFE8}.Debug|Any CPU.ActiveCfg = Debug|Any CPU
		{27A156CB-B83D-4E6E-894E-CE3B9127BFE8}.Debug|Any CPU.Build.0 = Debug|Any CPU
		{27A156CB-B83D-4E6E-894E-CE3B9127BFE8}.Release|Any CPU.ActiveCfg = Release|Any CPU
		{27A156CB-B83D-4E6E-894E-CE3B9127BFE8}.Release|Any CPU.Build.0 = Release|Any CPU
		{E0EE0B99-A40F-47F4-A161-C544FE76D386}.Debug|Any CPU.ActiveCfg = Debug|Any CPU
		{E0EE0B99-A40F-47F4-A161-C544FE76D386}.Debug|Any CPU.Build.0 = Debug|Any CPU
		{E0EE0B99-A40F-47F4-A161-C544FE76D386}.Release|Any CPU.ActiveCfg = Release|Any CPU
		{E0EE0B99-A40F-47F4-A161-C544FE76D386}.Release|Any CPU.Build.0 = Release|Any CPU
	EndGlobalSection
	GlobalSection(NestedProjects) = preSolution
		{27A156CB-B83D-4E6E-894E-CE3B9127BFE8} = {0FE40174-46A2-447B-AC71-CCD3D5C61745}
		{E0EE0B99-A40F-47F4-A161-C544FE76D386} = {567AA81C-19FF-4EF4-8B49-A94C3DA34DDF}
	EndGlobalSection
EndGlobal
